
Microsoft Visual Studio Solution File, Format Version 12.00
# Visual Studio Version 17
VisualStudioVersion = 17.1.32407.343
MinimumVisualStudioVersion = 10.0.40219.1
Project("{FAE04EC0-301F-11D3-BF4B-00C04F79EFBC}") = "Words", "Words\Words.csproj", "{5F439AA8-3E90-4C77-AD8A-3FD780BAFCFB}"
EndProject
Project("{54435603-DBB4-11D2-8724-00A0C9A8B90C}") = "Setup", "Setup\Setup.vdproj", "{74012AA5-5424-41E8-B8DB-3844C01B2F59}"
EndProject
Global
	GlobalSection(SolutionConfigurationPlatforms) = preSolution
		Debug|Any CPU = Debug|Any CPU
		Release|Any CPU = Release|Any CPU
	EndGlobalSection
	GlobalSection(ProjectConfigurationPlatforms) = postSolution
		{5F439AA8-3E90-4C77-AD8A-3FD780BAFCFB}.Debug|Any CPU.ActiveCfg = Debug|Any CPU
		{5F439AA8-3E90-4C77-AD8A-3FD780BAFCFB}.Debug|Any CPU.Build.0 = Debug|Any CPU
		{5F439AA8-3E90-4C77-AD8A-3FD780BAFCFB}.Release|Any CPU.ActiveCfg = Release|Any CPU
		{5F439AA8-3E90-4C77-AD8A-3FD780BAFCFB}.Release|Any CPU.Build.0 = Release|Any CPU
		{74012AA5-5424-41E8-B8DB-3844C01B2F59}.Debug|Any CPU.ActiveCfg = Debug
		{74012AA5-5424-41E8-B8DB-3844C01B2F59}.Release|Any CPU.ActiveCfg = Release
	EndGlobalSection
	GlobalSection(SolutionProperties) = preSolution
		HideSolutionNode = FALSE
	EndGlobalSection
	GlobalSection(ExtensibilityGlobals) = postSolution
		SolutionGuid = {12EEB3BD-40EB-45D9-8181-D03439CE9A00}
	EndGlobalSection
EndGlobal
